{
    "name": "challenge-9-professional-readme-generator",
    "version": "1.0.0",
    "lockfileVersion": 1,
    "requires": true,
    "dependencies": {
      "ansi-escapes": {
        "version": "4.3.2",
        "resolved": "https://registry.npmjs.org/ansi-escapes/-/ansi-escapes-4.3.2.tgz",
        "integrity": "sha512-gKXj5ALrKWQLsYG9jlTRmR/xKluxHV+Z9QEwNIgCfM1/uwPMCuzVVnh5mwTd+OuBZcwSIMbqssNWRm1lE51QaQ==",
        "requires": {
          "type-fest": "^0.21.3"
        }
      },
      "ansi-regex": {
        "version": "5.0.0",
        "resolved": "https://registry.npmjs.org/ansi-regex/-/ansi-regex-5.0.0.tgz",
        "integrity": "sha512-bY6fj56OUQ0hU1KjFNDQuJFezqKdrAyFdIevADiqrWHwSlbmBNMHp5ak2f40Pm8JTFyM2mqxkG6ngkHO11f/lg=="
      },
      "ansi-styles": {
        "version": "4.3.0",
        "resolved": "https://registry.npmjs.org/ansi-styles/-/ansi-styles-4.3.0.tgz",
        "integrity": "sha512-zbB9rCJAT1rbjiVDb2hqKFHNYLxgtk8NURxZ3IZwD3F6NtxbXZQCnnSi1Lkx+IDohdPlFp222wVALIheZJQSEg==",
        "requires": {
          "color-convert": "^2.0.1"
        }
      },
      "base64-js": {
        "version": "1.5.1",
        "resolved": "https://registry.npmjs.org/base64-js/-/base64-js-1.5.1.tgz",
        "integrity": "sha512-AKpaYlHn8t4SVbOHCy+b5+KKgvR4vrsD8vbvrbiQJps7fKDTkjkDry6ji0rUJjC0kzbNePLwzxq8iypo41qeWA=="
      },
      "bl": {
        "version": "4.1.0",
        "resolved": "https://registry.npmjs.org/bl/-/bl-4.1.0.tgz",
        "integrity": "sha512-1W07cM9gS6DcLperZfFSj+bWLtaPGSOHWhPiGzXmvVJbRLdG82sH/Kn8EtW1VqWVA54AKf2h5k5BbnIbwF3h6w==",
        "requires": {
          "buffer": "^5.5.0",
          "inherits": "^2.0.4",
          "readable-stream": "^3.4.0"
        }
      },
      "buffer": {
        "version": "5.7.1",
        "resolved": "https://registry.npmjs.org/buffer/-/buffer-5.7.1.tgz",
        "integrity": "sha512-EHcyIPBQ4BSGlvjB16k5KgAJ27CIsHY/2JBmCRReo48y9rQ3MaUzWX3KVlBa4U7MyX02HdVj0K7C3WaB3ju7FQ==",
        "requires": {
          "base64-js": "^1.3.1",
          "ieee754": "^1.1.13"
        }
      },
      "chalk": {
        "version": "4.1.1",
        "resolved": "https://registry.npmjs.org/chalk/-/chalk-4.1.1.tgz",
        "integrity": "sha512-diHzdDKxcU+bAsUboHLPEDQiw0qEe0qd7SYUn3HgcFlWgbDcfLGswOHYeGrHKzG9z6UYf01d9VFMfZxPM1xZSg==",
        "requires": {
          "ansi-styles": "^4.1.0",
          "supports-color": "^7.1.0"
        }
      },
      "chardet": {
        "version": "0.7.0",
        "resolved": "https://registry.npmjs.org/chardet/-/chardet-0.7.0.tgz",
        "integrity": "sha512-mT8iDcrh03qDGRRmoA2hmBJnxpllMR+0/0qlzjqZES6NdiWDcZkCNAk4rPFZ9Q85r27unkiNNg8ZOiwZXBHwcA=="
      },
      "cli-cursor": {
        "version": "3.1.0",
        "resolved": "https://registry.npmjs.org/cli-cursor/-/cli-cursor-3.1.0.tgz",
        "integrity": "sha512-I/zHAwsKf9FqGoXM4WWRACob9+SNukZTd94DWF57E4toouRulbCxcUh6RKUEOQlYTHJnzkPMySvPNaaSLNfLZw==",
        "requires": {
          "restore-cursor": "^3.1.0"
        }
      },
      "cli-spinners": {
        "version": "2.6.0",
        "resolved": "https://registry.npmjs.org/cli-spinners/-/cli-spinners-2.6.0.tgz",
        "integrity": "sha512-t+4/y50K/+4xcCRosKkA7W4gTr1MySvLV0q+PxmG7FJ5g+66ChKurYjxBCjHggHH3HA5Hh9cy+lcUGWDqVH+4Q=="
      },
      "cli-width": {
        "version": "3.0.0",
        "resolved": "https://registry.npmjs.org/cli-width/-/cli-width-3.0.0.tgz",
        "integrity": "sha512-FxqpkPPwu1HjuN93Omfm4h8uIanXofW0RxVEW3k5RKx+mJJYSthzNhp32Kzxxy3YAEZ/Dc/EWN1vZRY0+kOhbw=="
      },
      "clone": {
        "version": "1.0.4",
        "resolved": "https://registry.npmjs.org/clone/-/clone-1.0.4.tgz",
        "integrity": "sha1-2jCcwmPfFZlMaIypAheco8fNfH4="
      },
      "color-convert": {
        "version": "2.0.1",
        "resolved": "https://registry.npmjs.org/color-convert/-/color-convert-2.0.1.tgz",
        "integrity": "sha512-RRECPsj7iu/xb5oKYcsFHSppFNnsj/52OVTRKb4zP5onXwVF3zVmmToNcOfGC+CRDpfK/U584fMg38ZHCaElKQ==",
        "requires": {
          "color-name": "~1.1.4"
        }
      },
      "color-name": {
        "version": "1.1.4",
        "resolved": "https://registry.npmjs.org/color-name/-/color-name-1.1.4.tgz",
        "integrity": "sha512-dOy+3AuW3a2wNbZHIuMZpTcgjGuLU/uBL/ubcZF9OXbDo8ff4O8yVp5Bf0efS8uEoYo5q4Fx7dY9OgQGXgAsQA=="
      },
      "defaults": {
        "version": "1.0.3",
        "resolved": "https://registry.npmjs.org/defaults/-/defaults-1.0.3.tgz",
        "integrity": "sha1-xlYFHpgX2f8I7YgUd/P+QBnz730=",
        "requires": {
          "clone": "^1.0.2"
        }
      },
      "emoji-regex": {
        "version": "8.0.0",
        "resolved": "https://registry.npmjs.org/emoji-regex/-/emoji-regex-8.0.0.tgz",
        "integrity": "sha512-MSjYzcWNOA0ewAHpz0MxpYFvwg6yjy1NG3xteoqz644VCo/RPgnr1/GGt+ic3iJTzQ8Eu3TdM14SawnVUmGE6A=="
      },
      "escape-string-regexp": {
        "version": "1.0.5",
        "resolved": "https://registry.npmjs.org/escape-string-regexp/-/escape-string-regexp-1.0.5.tgz",
        "integrity": "sha1-G2HAViGQqN/2rjuyzwIAyhMLhtQ="
      },
      "external-editor": {
        "version": "3.1.0",
        "resolved": "https://registry.npmjs.org/external-editor/-/external-editor-3.1.0.tgz",
        "integrity": "sha512-hMQ4CX1p1izmuLYyZqLMO/qGNw10wSv9QDCPfzXfyFrOaCSSoRfqE1Kf1s5an66J5JZC62NewG+mK49jOCtQew==",
        "requires": {
          "chardet": "^0.7.0",
          "iconv-lite": "^0.4.24",
          "tmp": "^0.0.33"
        }
      },
      "figures": {
        "version": "3.2.0",
        "resolved": "https://registry.npmjs.org/figures/-/figures-3.2.0.tgz",
        "integrity": "sha512-yaduQFRKLXYOGgEn6AZau90j3ggSOyiqXU0F9JZfeXYhNa+Jk4X+s45A2zg5jns87GAFa34BBm2kXw4XpNcbdg==",
        "requires": {
          "escape-string-regexp": "^1.0.5"
        }
      },
      "has-flag": {
        "version": "4.0.0",
        "resolved": "https://registry.npmjs.org/has-flag/-/has-flag-4.0.0.tgz",
        "integrity": "sha512-EykJT/Q1KjTWctppgIAgfSO0tKVuZUjhgMr17kqTumMl6Afv3EISleU7qZUzoXDFTAHTDC4NOoG/ZxU3EvlMPQ=="
      },
      "iconv-lite": {
        "version": "0.4.24",
        "resolved": "https://registry.npmjs.org/iconv-lite/-/iconv-lite-0.4.24.tgz",
        "integrity": "sha512-v3MXnZAcvnywkTUEZomIActle7RXXeedOR31wwl7VlyoXO4Qi9arvSenNQWne1TcRwhCL1HwLI21bEqdpj8/rA==",
        "requires": {
          "safer-buffer": ">= 2.1.2 < 3"
        }
      },